
Microsoft Visual Studio Solution File, Format Version 12.00
# Visual Studio Version 17
VisualStudioVersion = 17.7.34202.233
MinimumVisualStudioVersion = 10.0.40219.1
Project("{FAE04EC0-301F-11D3-BF4B-00C04F79EFBC}") = "capaEmpresa", "capaEmpresa\capaEmpresa.csproj", "{12433250-F41D-4DCB-BE55-F84352C75383}"
EndProject
Project("{FAE04EC0-301F-11D3-BF4B-00C04F79EFBC}") = "CapaTienda", "CapaTienda\CapaTienda.csproj", "{D5635745-B016-42FE-A5D7-D5ADA909B23F}"
EndProject
Project("{FAE04EC0-301F-11D3-BF4B-00C04F79EFBC}") = "CapaDatos", "CapaDatos\CapaDatos.csproj", "{88D1C6C3-CF41-4417-9C7E-0C4187012A67}"
EndProject
Project("{FAE04EC0-301F-11D3-BF4B-00C04F79EFBC}") = "CapaEntidad", "CapaEntidad\CapaEntidad.csproj", "{22E675B6-6D4C-4E8E-9060-4E96FA2F8B66}"
EndProject
Project("{FAE04EC0-301F-11D3-BF4B-00C04F79EFBC}") = "CapaNegocio", "CapaNegocio\CapaNegocio.csproj", "{6F7A3975-7841-49FC-BFFA-000ED6C05D30}"
EndProject
Project("{FAE04EC0-301F-11D3-BF4B-00C04F79EFBC}") = "Ecommerce.DTO", "Ecommerce.DTO\Ecommerce.DTO.csproj", "{D7711FAF-710A-4E7B-BFAA-E9E25239A64A}"
EndProject
Project("{FAE04EC0-301F-11D3-BF4B-00C04F79EFBC}") = "Ecommerce.Repositorio", "Ecommerce.Repositorio\Ecommerce.Repositorio.csproj", "{D79E8244-DB4D-4156-8144-C7B94D1D7B98}"
EndProject
Project("{FAE04EC0-301F-11D3-BF4B-00C04F79EFBC}") = "Ecommerce.Modelo", "Ecommerce.Model\Ecommerce.Modelo.csproj", "{0D25AAC0-D903-4AB4-860B-12DC8AE8F5A5}"
EndProject
Project("{FAE04EC0-301F-11D3-BF4B-00C04F79EFBC}") = "Ecommerce.Servicio", "Ecommerce.Servicio\Ecommerce.Servicio.csproj", "{979CD52C-E2DB-438F-8C4C-32A0E5DE32B3}"
EndProject
Project("{FAE04EC0-301F-11D3-BF4B-00C04F79EFBC}") = "Ecommerce.Utilidades", "Ecommerce.Utilidades\Ecommerce.Utilidades.csproj", "{39A03233-CE09-48BD-B723-42519F7E09C2}"
EndProject
Project("{FAE04EC0-301F-11D3-BF4B-00C04F79EFBC}") = "Ecommerce.API", "Ecommerce.API\Ecommerce.API.csproj", "{F0DF7C6C-9945-4730-A5BB-2C254D7485F1}"
EndProject
Project("{FAE04EC0-301F-11D3-BF4B-00C04F79EFBC}") = "Ecommerce.WebAssembly", "Ecommerce.WebAssembly\Ecommerce.WebAssembly.csproj", "{54E0CE96-DA14-404B-B88A-A93DD680D966}"
EndProject
Global
	GlobalSection(SolutionConfigurationPlatforms) = preSolution
		Debug|Any CPU = Debug|Any CPU
		Release|Any CPU = Release|Any CPU
	EndGlobalSection
	GlobalSection(ProjectConfigurationPlatforms) = postSolution
		{12433250-F41D-4DCB-BE55-F84352C75383}.Debug|Any CPU.ActiveCfg = Debug|Any CPU
		{12433250-F41D-4DCB-BE55-F84352C75383}.Debug|Any CPU.Build.0 = Debug|Any CPU
		{12433250-F41D-4DCB-BE55-F84352C75383}.Release|Any CPU.ActiveCfg = Release|Any CPU
		{12433250-F41D-4DCB-BE55-F84352C75383}.Release|Any CPU.Build.0 = Release|Any CPU
		{D5635745-B016-42FE-A5D7-D5ADA909B23F}.Debug|Any CPU.ActiveCfg = Debug|Any CPU
		{D5635745-B016-42FE-A5D7-D5ADA909B23F}.Debug|Any CPU.Build.0 = Debug|Any CPU
		{D5635745-B016-42FE-A5D7-D5ADA909B23F}.Release|Any CPU.ActiveCfg = Release|Any CPU
		{D5635745-B016-42FE-A5D7-D5ADA909B23F}.Release|Any CPU.Build.0 = Release|Any CPU
		{88D1C6C3-CF41-4417-9C7E-0C4187012A67}.Debug|Any CPU.ActiveCfg = Debug|Any CPU
		{88D1C6C3-CF41-4417-9C7E-0C4187012A67}.Debug|Any CPU.Build.0 = Debug|Any CPU
		{88D1C6C3-CF41-4417-9C7E-0C4187012A67}.Release|Any CPU.ActiveCfg = Release|Any CPU
		{88D1C6C3-CF41-4417-9C7E-0C4187012A67}.Release|Any CPU.Build.0 = Release|Any CPU
		{22E675B6-6D4C-4E8E-9060-4E96FA2F8B66}.Debug|Any CPU.ActiveCfg = Debug|Any CPU
		{22E675B6-6D4C-4E8E-9060-4E96FA2F8B66}.Debug|Any CPU.Build.0 = Debug|Any CPU
		{22E675B6-6D4C-4E8E-9060-4E96FA2F8B66}.Release|Any CPU.ActiveCfg = Release|Any CPU
		{22E675B6-6D4C-4E8E-9060-4E96FA2F8B66}.Release|Any CPU.Build.0 = Release|Any CPU
		{6F7A3975-7841-49FC-BFFA-000ED6C05D30}.Debug|Any CPU.ActiveCfg = Debug|Any CPU
		{6F7A3975-7841-49FC-BFFA-000ED6C05D30}.Debug|Any CPU.Build.0 = Debug|Any CPU
		{6F7A3975-7841-49FC-BFFA-000ED6C05D30}.Release|Any CPU.ActiveCfg = Release|Any CPU
		{6F7A3975-7841-49FC-BFFA-000ED6C05D30}.Release|Any CPU.Build.0 = Release|Any CPU
		{D7711FAF-710A-4E7B-BFAA-E9E25239A64A}.Debug|Any CPU.ActiveCfg = Debug|Any CPU
		{D7711FAF-710A-4E7B-BFAA-E9E25239A64A}.Debug|Any CPU.Build.0 = Debug|Any CPU
		{D7711FAF-710A-4E7B-BFAA-E9E25239A64A}.Release|Any CPU.ActiveCfg = Release|Any CPU
		{D7711FAF-710A-4E7B-BFAA-E9E25239A64A}.Release|Any CPU.Build.0 = Release|Any CPU
		{D79E8244-DB4D-4156-8144-C7B94D1D7B98}.Debug|Any CPU.ActiveCfg = Debug|Any CPU
		{D79E8244-DB4D-4156-8144-C7B94D1D7B98}.Debug|Any CPU.Build.0 = Debug|Any CPU
		{D79E8244-DB4D-4156-8144-C7B94D1D7B98}.Release|Any CPU.ActiveCfg = Release|Any CPU
		{D79E8244-DB4D-4156-8144-C7B94D1D7B98}.Release|Any CPU.Build.0 = Release|Any CPU
		{0D25AAC0-D903-4AB4-860B-12DC8AE8F5A5}.Debug|Any CPU.ActiveCfg = Debug|Any CPU
		{0D25AAC0-D903-4AB4-860B-12DC8AE8F5A5}.Debug|Any CPU.Build.0 = Debug|Any CPU
		{0D25AAC0-D903-4AB4-860B-12DC8AE8F5A5}.Release|Any CPU.ActiveCfg = Release|Any CPU
		{0D25AAC0-D903-4AB4-860B-12DC8AE8F5A5}.Release|Any CPU.Build.0 = Release|Any CPU
		{979CD52C-E2DB-438F-8C4C-32A0E5DE32B3}.Debug|Any CPU.ActiveCfg = Debug|Any CPU
		{979CD52C-E2DB-438F-8C4C-32A0E5DE32B3}.Debug|Any CPU.Build.0 = Debug|Any CPU
		{979CD52C-E2DB-438F-8C4C-32A0E5DE32B3}.Release|Any CPU.ActiveCfg = Release|Any CPU
		{979CD52C-E2DB-438F-8C4C-32A0E5DE32B3}.Release|Any CPU.Build.0 = Release|Any CPU
		{39A03233-CE09-48BD-B723-42519F7E09C2}.Debug|Any CPU.ActiveCfg = Debug|Any CPU
		{39A03233-CE09-48BD-B723-42519F7E09C2}.Debug|Any CPU.Build.0 = Debug|Any CPU
		{39A03233-CE09-48BD-B723-42519F7E09C2}.Release|Any CPU.ActiveCfg = Release|Any CPU
		{39A03233-CE09-48BD-B723-42519F7E09C2}.Release|Any CPU.Build.0 = Release|Any CPU
		{F0DF7C6C-9945-4730-A5BB-2C254D7485F1}.Debug|Any CPU.ActiveCfg = Debug|Any CPU
		{F0DF7C6C-9945-4730-A5BB-2C254D7485F1}.Debug|Any CPU.Build.0 = Debug|Any CPU
		{F0DF7C6C-9945-4730-A5BB-2C254D7485F1}.Release|Any CPU.ActiveCfg = Release|Any CPU
		{F0DF7C6C-9945-4730-A5BB-2C254D7485F1}.Release|Any CPU.Build.0 = Release|Any CPU
		{54E0CE96-DA14-404B-B88A-A93DD680D966}.Debug|Any CPU.ActiveCfg = Debug|Any CPU
		{54E0CE96-DA14-404B-B88A-A93DD680D966}.Debug|Any CPU.Build.0 = Debug|Any CPU
		{54E0CE96-DA14-404B-B88A-A93DD680D966}.Release|Any CPU.ActiveCfg = Release|Any CPU
		{54E0CE96-DA14-404B-B88A-A93DD680D966}.Release|Any CPU.Build.0 = Release|Any CPU
	EndGlobalSection
	GlobalSection(SolutionProperties) = preSolution
		HideSolutionNode = FALSE
	EndGlobalSection
	GlobalSection(ExtensibilityGlobals) = postSolution
		SolutionGuid = {B535F0DA-C525-4884-8E3C-2F890879AE6F}
	EndGlobalSection
EndGlobal
