
Microsoft Visual Studio Solution File, Format Version 12.00
# Visual Studio Version 17
VisualStudioVersion = 17.7.34202.233
MinimumVisualStudioVersion = 10.0.40219.1
Project("{FAE04EC0-301F-11D3-BF4B-00C04F79EFBC}") = "capaEmpresa", "capaEmpresa\capaEmpresa.csproj", "{12433250-F41D-4DCB-BE55-F84352C75383}"
EndProject
Project("{FAE04EC0-301F-11D3-BF4B-00C04F79EFBC}") = "CapaTienda", "CapaTienda\CapaTienda.csproj", "{D5635745-B016-42FE-A5D7-D5ADA909B23F}"
EndProject
Project("{FAE04EC0-301F-11D3-BF4B-00C04F79EFBC}") = "CapaDatos", "CapaDatos\CapaDatos.csproj", "{88D1C6C3-CF41-4417-9C7E-0C4187012A67}"
EndProject
Project("{FAE04EC0-301F-11D3-BF4B-00C04F79EFBC}") = "CapaEntidad", "CapaEntidad\CapaEntidad.csproj", "{22E675B6-6D4C-4E8E-9060-4E96FA2F8B66}"
EndProject
Project("{FAE04EC0-301F-11D3-BF4B-00C04F79EFBC}") = "CapaNegocio", "CapaNegocio\CapaNegocio.csproj", "{6F7A3975-7841-49FC-BFFA-000ED6C05D30}"
EndProject
Project("{FAE04EC0-301F-11D3-BF4B-00C04F79EFBC}") = "Ecommerce.WebAssembly", "Ecommerce.WebAssembly\Ecommerce.WebAssembly.csproj", "{9F823EEC-830F-4F61-BB10-92AD698650BB}"
EndProject
Project("{FAE04EC0-301F-11D3-BF4B-00C04F79EFBC}") = "Ecommerce.Modelo", "Ecommerce.Modelo\Ecommerce.Modelo.csproj", "{AAEF1EF4-98F5-4C4F-9413-C98D06DE3E49}"
EndProject
Project("{FAE04EC0-301F-11D3-BF4B-00C04F79EFBC}") = "Ecommerce.DTO", "Ecommerce.DTO\Ecommerce.DTO.csproj", "{C2DAD886-6EED-4ECA-B77A-279237227801}"
EndProject
Project("{FAE04EC0-301F-11D3-BF4B-00C04F79EFBC}") = "Ecommerce.Repositorio", "Ecommerce.Repositorio\Ecommerce.Repositorio.csproj", "{279FECA7-02A0-48CF-AD4F-B99EB96027F8}"
EndProject
Project("{FAE04EC0-301F-11D3-BF4B-00C04F79EFBC}") = "Ecommerce.Servicio", "Ecommerce.Servicio\Ecommerce.Servicio.csproj", "{50E6A933-F5F3-478B-8AFE-A8EEB4C53330}"
EndProject
Project("{FAE04EC0-301F-11D3-BF4B-00C04F79EFBC}") = "Ecommerce.Utilidades", "Ecommerce.Utilidades\Ecommerce.Utilidades.csproj", "{0899F449-20E4-4C62-80C9-B2B8A0F1060A}"
EndProject
Project("{FAE04EC0-301F-11D3-BF4B-00C04F79EFBC}") = "Ecommerce.API", "Ecommerce.API\Ecommerce.API.csproj", "{BA18ECBA-B5FB-44F6-9313-44BB461369EC}"
EndProject
Global
	GlobalSection(SolutionConfigurationPlatforms) = preSolution
		Debug|Any CPU = Debug|Any CPU
		Release|Any CPU = Release|Any CPU
	EndGlobalSection
	GlobalSection(ProjectConfigurationPlatforms) = postSolution
		{12433250-F41D-4DCB-BE55-F84352C75383}.Debug|Any CPU.ActiveCfg = Debug|Any CPU
		{12433250-F41D-4DCB-BE55-F84352C75383}.Debug|Any CPU.Build.0 = Debug|Any CPU
		{12433250-F41D-4DCB-BE55-F84352C75383}.Release|Any CPU.ActiveCfg = Release|Any CPU
		{12433250-F41D-4DCB-BE55-F84352C75383}.Release|Any CPU.Build.0 = Release|Any CPU
		{D5635745-B016-42FE-A5D7-D5ADA909B23F}.Debug|Any CPU.ActiveCfg = Debug|Any CPU
		{D5635745-B016-42FE-A5D7-D5ADA909B23F}.Debug|Any CPU.Build.0 = Debug|Any CPU
		{D5635745-B016-42FE-A5D7-D5ADA909B23F}.Release|Any CPU.ActiveCfg = Release|Any CPU
		{D5635745-B016-42FE-A5D7-D5ADA909B23F}.Release|Any CPU.Build.0 = Release|Any CPU
		{88D1C6C3-CF41-4417-9C7E-0C4187012A67}.Debug|Any CPU.ActiveCfg = Debug|Any CPU
		{88D1C6C3-CF41-4417-9C7E-0C4187012A67}.Debug|Any CPU.Build.0 = Debug|Any CPU
		{88D1C6C3-CF41-4417-9C7E-0C4187012A67}.Release|Any CPU.ActiveCfg = Release|Any CPU
		{88D1C6C3-CF41-4417-9C7E-0C4187012A67}.Release|Any CPU.Build.0 = Release|Any CPU
		{22E675B6-6D4C-4E8E-9060-4E96FA2F8B66}.Debug|Any CPU.ActiveCfg = Debug|Any CPU
		{22E675B6-6D4C-4E8E-9060-4E96FA2F8B66}.Debug|Any CPU.Build.0 = Debug|Any CPU
		{22E675B6-6D4C-4E8E-9060-4E96FA2F8B66}.Release|Any CPU.ActiveCfg = Release|Any CPU
		{22E675B6-6D4C-4E8E-9060-4E96FA2F8B66}.Release|Any CPU.Build.0 = Release|Any CPU
		{6F7A3975-7841-49FC-BFFA-000ED6C05D30}.Debug|Any CPU.ActiveCfg = Debug|Any CPU
		{6F7A3975-7841-49FC-BFFA-000ED6C05D30}.Debug|Any CPU.Build.0 = Debug|Any CPU
		{6F7A3975-7841-49FC-BFFA-000ED6C05D30}.Release|Any CPU.ActiveCfg = Release|Any CPU
		{6F7A3975-7841-49FC-BFFA-000ED6C05D30}.Release|Any CPU.Build.0 = Release|Any CPU
		{9F823EEC-830F-4F61-BB10-92AD698650BB}.Debug|Any CPU.ActiveCfg = Debug|Any CPU
		{9F823EEC-830F-4F61-BB10-92AD698650BB}.Debug|Any CPU.Build.0 = Debug|Any CPU
		{9F823EEC-830F-4F61-BB10-92AD698650BB}.Release|Any CPU.ActiveCfg = Release|Any CPU
		{9F823EEC-830F-4F61-BB10-92AD698650BB}.Release|Any CPU.Build.0 = Release|Any CPU
		{AAEF1EF4-98F5-4C4F-9413-C98D06DE3E49}.Debug|Any CPU.ActiveCfg = Debug|Any CPU
		{AAEF1EF4-98F5-4C4F-9413-C98D06DE3E49}.Debug|Any CPU.Build.0 = Debug|Any CPU
		{AAEF1EF4-98F5-4C4F-9413-C98D06DE3E49}.Release|Any CPU.ActiveCfg = Release|Any CPU
		{AAEF1EF4-98F5-4C4F-9413-C98D06DE3E49}.Release|Any CPU.Build.0 = Release|Any CPU
		{C2DAD886-6EED-4ECA-B77A-279237227801}.Debug|Any CPU.ActiveCfg = Debug|Any CPU
		{C2DAD886-6EED-4ECA-B77A-279237227801}.Debug|Any CPU.Build.0 = Debug|Any CPU
		{C2DAD886-6EED-4ECA-B77A-279237227801}.Release|Any CPU.ActiveCfg = Release|Any CPU
		{C2DAD886-6EED-4ECA-B77A-279237227801}.Release|Any CPU.Build.0 = Release|Any CPU
		{279FECA7-02A0-48CF-AD4F-B99EB96027F8}.Debug|Any CPU.ActiveCfg = Debug|Any CPU
		{279FECA7-02A0-48CF-AD4F-B99EB96027F8}.Debug|Any CPU.Build.0 = Debug|Any CPU
		{279FECA7-02A0-48CF-AD4F-B99EB96027F8}.Release|Any CPU.ActiveCfg = Release|Any CPU
		{279FECA7-02A0-48CF-AD4F-B99EB96027F8}.Release|Any CPU.Build.0 = Release|Any CPU
		{50E6A933-F5F3-478B-8AFE-A8EEB4C53330}.Debug|Any CPU.ActiveCfg = Debug|Any CPU
		{50E6A933-F5F3-478B-8AFE-A8EEB4C53330}.Debug|Any CPU.Build.0 = Debug|Any CPU
		{50E6A933-F5F3-478B-8AFE-A8EEB4C53330}.Release|Any CPU.ActiveCfg = Release|Any CPU
		{50E6A933-F5F3-478B-8AFE-A8EEB4C53330}.Release|Any CPU.Build.0 = Release|Any CPU
		{0899F449-20E4-4C62-80C9-B2B8A0F1060A}.Debug|Any CPU.ActiveCfg = Debug|Any CPU
		{0899F449-20E4-4C62-80C9-B2B8A0F1060A}.Debug|Any CPU.Build.0 = Debug|Any CPU
		{0899F449-20E4-4C62-80C9-B2B8A0F1060A}.Release|Any CPU.ActiveCfg = Release|Any CPU
		{0899F449-20E4-4C62-80C9-B2B8A0F1060A}.Release|Any CPU.Build.0 = Release|Any CPU
		{BA18ECBA-B5FB-44F6-9313-44BB461369EC}.Debug|Any CPU.ActiveCfg = Debug|Any CPU
		{BA18ECBA-B5FB-44F6-9313-44BB461369EC}.Debug|Any CPU.Build.0 = Debug|Any CPU
		{BA18ECBA-B5FB-44F6-9313-44BB461369EC}.Release|Any CPU.ActiveCfg = Release|Any CPU
		{BA18ECBA-B5FB-44F6-9313-44BB461369EC}.Release|Any CPU.Build.0 = Release|Any CPU
	EndGlobalSection
	GlobalSection(SolutionProperties) = preSolution
		HideSolutionNode = FALSE
	EndGlobalSection
	GlobalSection(ExtensibilityGlobals) = postSolution
		SolutionGuid = {B535F0DA-C525-4884-8E3C-2F890879AE6F}
	EndGlobalSection
EndGlobal
